
Microsoft Visual Studio Solution File, Format Version 12.00
# Visual Studio Version 16
VisualStudioVersion = 16.0.30621.155
MinimumVisualStudioVersion = 10.0.40219.1
Project("{FAE04EC0-301F-11D3-BF4B-00C04F79EFBC}") = "BinaryToDecimal", "BinaryToDecimal\BinaryToDecimal.csproj", "{D477B271-AE0C-49AA-8048-CB274610031B}"
EndProject
Global
	GlobalSection(SolutionConfigurationPlatforms) = preSolution
		Debug|Any CPU = Debug|Any CPU
		Release|Any CPU = Release|Any CPU
	EndGlobalSection
	GlobalSection(ProjectConfigurationPlatforms) = postSolution
		{D477B271-AE0C-49AA-8048-CB274610031B}.Debug|Any CPU.ActiveCfg = Debug|Any CPU
		{D477B271-AE0C-49AA-8048-CB274610031B}.Debug|Any CPU.Build.0 = Debug|Any CPU
		{D477B271-AE0C-49AA-8048-CB274610031B}.Release|Any CPU.ActiveCfg = Release|Any CPU
		{D477B271-AE0C-49AA-8048-CB274610031B}.Release|Any CPU.Build.0 = Release|Any CPU
	EndGlobalSection
	GlobalSection(SolutionProperties) = preSolution
		HideSolutionNode = FALSE
	EndGlobalSection
	GlobalSection(ExtensibilityGlobals) = postSolution
		SolutionGuid = {FA745494-9889-4D0D-B046-71F0D5D26998}
	EndGlobalSection
EndGlobal
